
Microsoft Visual Studio Solution File, Format Version 12.00
# Visual Studio Version 17
VisualStudioVersion = 17.13.35931.197 d17.13
MinimumVisualStudioVersion = 10.0.40219.1
Project("{FAE04EC0-301F-11D3-BF4B-00C04F79EFBC}") = "WindowsIntegrityGuard.Core", "WindowsIntegrityGuard.Core\WindowsIntegrityGuard.Core.csproj", "{91B792B4-4713-4AB5-B205-826481D39C87}"
EndProject
Project("{FAE04EC0-301F-11D3-BF4B-00C04F79EFBC}") = "WindowsIntegrityGuard.Service", "WindowsIntegrityGuard.Service\WindowsIntegrityGuard.Service.csproj", "{DC592803-F39C-4C6B-B4E6-622E07F52856}"
EndProject
Project("{FAE04EC0-301F-11D3-BF4B-00C04F79EFBC}") = "WindowsIntegrityGuard.Tests", "WindowsIntegrityGuard.Tests\WindowsIntegrityGuard.Tests.csproj", "{A9531FEB-EAE2-4C76-B868-E06D727B1E19}"
EndProject
Global
	GlobalSection(SolutionConfigurationPlatforms) = preSolution
		Debug|Any CPU = Debug|Any CPU
		Release|Any CPU = Release|Any CPU
	EndGlobalSection
	GlobalSection(ProjectConfigurationPlatforms) = postSolution
		{91B792B4-4713-4AB5-B205-826481D39C87}.Debug|Any CPU.ActiveCfg = Debug|Any CPU
		{91B792B4-4713-4AB5-B205-826481D39C87}.Debug|Any CPU.Build.0 = Debug|Any CPU
		{91B792B4-4713-4AB5-B205-826481D39C87}.Release|Any CPU.ActiveCfg = Release|Any CPU
		{91B792B4-4713-4AB5-B205-826481D39C87}.Release|Any CPU.Build.0 = Release|Any CPU
		{DC592803-F39C-4C6B-B4E6-622E07F52856}.Debug|Any CPU.ActiveCfg = Debug|Any CPU
		{DC592803-F39C-4C6B-B4E6-622E07F52856}.Debug|Any CPU.Build.0 = Debug|Any CPU
		{DC592803-F39C-4C6B-B4E6-622E07F52856}.Release|Any CPU.ActiveCfg = Release|Any CPU
		{DC592803-F39C-4C6B-B4E6-622E07F52856}.Release|Any CPU.Build.0 = Release|Any CPU
		{A9531FEB-EAE2-4C76-B868-E06D727B1E19}.Debug|Any CPU.ActiveCfg = Debug|Any CPU
		{A9531FEB-EAE2-4C76-B868-E06D727B1E19}.Debug|Any CPU.Build.0 = Debug|Any CPU
		{A9531FEB-EAE2-4C76-B868-E06D727B1E19}.Release|Any CPU.ActiveCfg = Release|Any CPU
		{A9531FEB-EAE2-4C76-B868-E06D727B1E19}.Release|Any CPU.Build.0 = Release|Any CPU
	EndGlobalSection
	GlobalSection(SolutionProperties) = preSolution
		HideSolutionNode = FALSE
	EndGlobalSection
	GlobalSection(ExtensibilityGlobals) = postSolution
		SolutionGuid = {1EB4BE14-B753-4177-A3C1-E817E9DEE5B1}
	EndGlobalSection
EndGlobal
